<?xml version="1.0" encoding="utf-8"?>
<Project ToolsVersion="4.0" xmlns="http://schemas.microsoft.com/developer/msbuild/2003">
  <ItemGroup>
    <Filter Include="Source Files">
      <UniqueIdentifier>{4FC737F1-C7A5-4376-A066-2A32D752A2FF}</UniqueIdentifier>
      <Extensions>cpp;c;cc;cxx;def;odl;idl;hpj;bat;asm;asmx</Extensions>
    </Filter>
    <Filter Include="Header Files">
      <UniqueIdentifier>{93995380-89BD-4b04-88EB-625FBE52EBFB}</UniqueIdentifier>
      <Extensions>h;hh;hpp;hxx;hm;inl;inc;xsd</Extensions>
    </Filter>
    <Filter Include="commands">
      <UniqueIdentifier>{a6625c68-ed6d-4c5b-a340-edefa88939b0}</UniqueIdentifier>
    </Filter>
    <Filter Include="commands\Header Files">
      <UniqueIdentifier>{ce136321-ccf1-41fd-80ac-091c603b39e7}</UniqueIdentifier>
    </Filter>
    <Filter Include="commands\Source Files">
      <UniqueIdentifier>{05d0e649-6565-406b-b13c-54021517b507}</UniqueIdentifier>
    </Filter>
    <Filter Include="hookers">
      <UniqueIdentifier>{a5409b3d-5906-4e39-ace0-91607dd31651}</UniqueIdentifier>
    </Filter>
    <Filter Include="hookers\Header Files">
      <UniqueIdentifier>{b15b03cd-1edc-4528-92e0-96e52cb92887}</UniqueIdentifier>
    </Filter>
    <Filter Include="hookers\Source Files">
      <UniqueIdentifier>{638a4758-d1c4-4659-b8f4-a4083498428e}</UniqueIdentifier>
    </Filter>
  </ItemGroup>
  <ItemGroup>
    <ClCompile Include="dllmain.cpp">
      <Filter>Source Files</Filter>
    </ClCompile>
    <ClCompile Include="server.cpp">
      <Filter>Source Files</Filter>
    </ClCompile>
    <ClCompile Include="lol_helper.cpp">
      <Filter>Source Files</Filter>
    </ClCompile>
    <ClCompile Include="patcher.cpp">
      <Filter>Source Files</Filter>
    </ClCompile>
    <ClCompile Include="list_events_notifier.cpp">
      <Filter>Source Files</Filter>
    </ClCompile>
    <ClCompile Include="commands\attackmove_command.cpp">
      <Filter>commands\Source Files</Filter>
    </ClCompile>
    <ClCompile Include="commands\cast_spell_command.cpp">
      <Filter>commands\Source Files</Filter>
    </ClCompile>
    <ClCompile Include="commands\command_factory.cpp">
      <Filter>commands\Source Files</Filter>
    </ClCompile>
    <ClCompile Include="commands\floating_text_command.cpp">
      <Filter>commands\Source Files</Filter>
    </ClCompile>
    <ClCompile Include="commands\send_chat_command.cpp">
      <Filter>commands\Source Files</Filter>
    </ClCompile>
    <ClCompile Include="hookers\hooker.cpp">
      <Filter>hookers\Source Files</Filter>
    </ClCompile>
    <ClCompile Include="hookers\main_loop_hooker.cpp">
      <Filter>hookers\Source Files</Filter>
    </ClCompile>
    <ClCompile Include="hookers\object_add_hooker.cpp">
      <Filter>hookers\Source Files</Filter>
    </ClCompile>
    <ClCompile Include="hookers\object_remove_hooker.cpp">
      <Filter>hookers\Source Files</Filter>
    </ClCompile>
  </ItemGroup>
  <ItemGroup>
    <ClInclude Include="server.h">
      <Filter>Header Files</Filter>
    </ClInclude>
    <ClInclude Include="offsets.h">
      <Filter>Header Files</Filter>
    </ClInclude>
    <ClInclude Include="lol_helper.h">
      <Filter>Header Files</Filter>
    </ClInclude>
    <ClInclude Include="patcher.h">
      <Filter>Header Files</Filter>
    </ClInclude>
    <ClInclude Include="list_events_notifier.h">
      <Filter>Header Files</Filter>
    </ClInclude>
    <ClInclude Include="commands\attackmove_command.h">
      <Filter>commands\Header Files</Filter>
    </ClInclude>
    <ClInclude Include="commands\cast_spell_command.h">
      <Filter>commands\Header Files</Filter>
    </ClInclude>
    <ClInclude Include="commands\command.h">
      <Filter>commands\Header Files</Filter>
    </ClInclude>
    <ClInclude Include="commands\command_factory.h">
      <Filter>commands\Header Files</Filter>
    </ClInclude>
    <ClInclude Include="commands\command_types.h">
      <Filter>commands\Header Files</Filter>
    </ClInclude>
    <ClInclude Include="commands\floating_text_command.h">
      <Filter>commands\Header Files</Filter>
    </ClInclude>
    <ClInclude Include="hookers\hooker.h">
      <Filter>hookers\Header Files</Filter>
    </ClInclude>
    <ClInclude Include="hookers\object_add_hooker.h">
      <Filter>hookers\Header Files</Filter>
    </ClInclude>
    <ClInclude Include="hookers\object_remove_hooker.h">
      <Filter>hookers\Header Files</Filter>
    </ClInclude>
    <ClInclude Include="hookers\main_loop_hooker.h">
      <Filter>hookers\Header Files</Filter>
    </ClInclude>
    <ClInclude Include="commands\send_chat_command.h">
      <Filter>commands\Header Files</Filter>
    </ClInclude>
  </ItemGroup>
</Project>